
Microsoft Visual Studio Solution File, Format Version 12.00
# Visual Studio Version 16
VisualStudioVersion = 16.0.31911.196
MinimumVisualStudioVersion = 10.0.40219.1
Project("{FAE04EC0-301F-11D3-BF4B-00C04F79EFBC}") = "GameApplication", "GameApplication\GameApplication.csproj", "{4006A475-79C8-44AF-85F3-AD44E61B7AA8}"
EndProject
Project("{FAE04EC0-301F-11D3-BF4B-00C04F79EFBC}") = "GameApplication2", "GameApplication2\GameApplication2.csproj", "{B4BD9287-FCFC-4B0C-B48E-65A8F54E4A0F}"
EndProject
Global
	GlobalSection(SolutionConfigurationPlatforms) = preSolution
		Debug|Any CPU = Debug|Any CPU
		Release|Any CPU = Release|Any CPU
	EndGlobalSection
	GlobalSection(ProjectConfigurationPlatforms) = postSolution
		{4006A475-79C8-44AF-85F3-AD44E61B7AA8}.Debug|Any CPU.ActiveCfg = Debug|Any CPU
		{4006A475-79C8-44AF-85F3-AD44E61B7AA8}.Debug|Any CPU.Build.0 = Debug|Any CPU
		{4006A475-79C8-44AF-85F3-AD44E61B7AA8}.Release|Any CPU.ActiveCfg = Release|Any CPU
		{4006A475-79C8-44AF-85F3-AD44E61B7AA8}.Release|Any CPU.Build.0 = Release|Any CPU
		{B4BD9287-FCFC-4B0C-B48E-65A8F54E4A0F}.Debug|Any CPU.ActiveCfg = Debug|Any CPU
		{B4BD9287-FCFC-4B0C-B48E-65A8F54E4A0F}.Debug|Any CPU.Build.0 = Debug|Any CPU
		{B4BD9287-FCFC-4B0C-B48E-65A8F54E4A0F}.Release|Any CPU.ActiveCfg = Release|Any CPU
		{B4BD9287-FCFC-4B0C-B48E-65A8F54E4A0F}.Release|Any CPU.Build.0 = Release|Any CPU
	EndGlobalSection
	GlobalSection(SolutionProperties) = preSolution
		HideSolutionNode = FALSE
	EndGlobalSection
	GlobalSection(ExtensibilityGlobals) = postSolution
		SolutionGuid = {133A0211-6CFB-4CDA-A6CF-0726AA6C7C37}
	EndGlobalSection
EndGlobal
